{
  "name": "front-end",
  "lockfileVersion": 3,
  "requires": true,
  "packages": {
    "": {
      "dependencies": {
        "@splinetool/loader": "^1.7.8"
      }
    },
    "node_modules/@splinetool/loader": {
      "version": "1.7.8",
      "resolved": "https://registry.npmjs.org/@splinetool/loader/-/loader-1.7.8.tgz",
      "integrity": "sha512-sUIC6i997BDKeD7lqH3SUMWv+K0t7zWNeLvoLXWKXAcuXLUAcdRpV8l+up+jdCBiChvDiaQSeVi6M4U+Ww+vDg==",
      "dependencies": {
        "semver-compare": "^1.0.0"
      },
      "peerDependencies": {
        "three": ">=0.133.0"
      }
    },
    "node_modules/semver-compare": {
      "version": "1.0.0",
      "resolved": "https://registry.npmjs.org/semver-compare/-/semver-compare-1.0.0.tgz",
      "integrity": "sha512-YM3/ITh2MJ5MtzaM429anh+x2jiLVjqILF4m4oyQB18W7Ggea7BfqdH/wGMK7dDiMghv/6WG7znWMwUDzJiXow=="
    },
    "node_modules/three": {
      "version": "0.165.0",
      "resolved": "https://registry.npmjs.org/three/-/three-0.165.0.tgz",
      "integrity": "sha512-cc96IlVYGydeceu0e5xq70H8/yoVT/tXBxV/W8A/U6uOq7DXc4/s1Mkmnu6SqoYGhSRWWYFOhVwvq6V0VtbplA==",
      "peer": true
    }
  }
}
